// !$*UTF8*$!
{
	archiveVersion = 1;
	classes = {
	};
	objectVersion = 55;
	objects = {

/* Begin PBXBuildFile section */
		1A0E3AA22862F7E300132FCB /* Assets.xcassets in Resources */ = {isa = PBXBuildFile; fileRef = 1A0E3AA12862F7E300132FCB /* Assets.xcassets */; };
		1A0E3AA52862F7E300132FCB /* LaunchScreen.storyboard in Resources */ = {isa = PBXBuildFile; fileRef = 1A0E3AA32862F7E300132FCB /* LaunchScreen.storyboard */; };
		1A0E3ABC2862F7E300132FCB /* WallaMarvelUITestsLaunchTests.swift in Sources */ = {isa = PBXBuildFile; fileRef = 1A0E3ABB2862F7E300132FCB /* WallaMarvelUITestsLaunchTests.swift */; };
		1A7B9BBD286D81AA00EBC1A6 /* CharacterDataModel.swift in Sources */ = {isa = PBXBuildFile; fileRef = 1A7B9BBC286D81AA00EBC1A6 /* CharacterDataModel.swift */; };
		1A7B9BBF286D81B600EBC1A6 /* Thumbnail.swift in Sources */ = {isa = PBXBuildFile; fileRef = 1A7B9BBE286D81B600EBC1A6 /* Thumbnail.swift */; };
		1A821ECC2862FF990024D397 /* String+MD5.swift in Sources */ = {isa = PBXBuildFile; fileRef = 1A821ECB2862FF990024D397 /* String+MD5.swift */; };
		9E2EF7162DFC5120009D5836 /* FetchHeroesUseCaseTests.swift in Sources */ = {isa = PBXBuildFile; fileRef = 9E2EF7152DFC5120009D5836 /* FetchHeroesUseCaseTests.swift */; };
		9E2EF7192DFC519B009D5836 /* MockMarvelRepository.swift in Sources */ = {isa = PBXBuildFile; fileRef = 9E2EF7182DFC519B009D5836 /* MockMarvelRepository.swift */; };
		9E2EF71C2DFD1BA6009D5836 /* CharacterRepositoryTests.swift in Sources */ = {isa = PBXBuildFile; fileRef = 9E2EF71B2DFD1BA6009D5836 /* CharacterRepositoryTests.swift */; };
		9E2EF71F2DFD1CDB009D5836 /* MockRemoteDataSource.swift in Sources */ = {isa = PBXBuildFile; fileRef = 9E2EF71E2DFD1CDB009D5836 /* MockRemoteDataSource.swift */; };
		9E2EF7222DFD1D9C009D5836 /* CharacterDataContainer.swift in Sources */ = {isa = PBXBuildFile; fileRef = 9E2EF7212DFD1D9C009D5836 /* CharacterDataContainer.swift */; };
		9E2EF7262DFD1ED0009D5836 /* MockCharacterCacheRepository.swift in Sources */ = {isa = PBXBuildFile; fileRef = 9E2EF7252DFD1ED0009D5836 /* MockCharacterCacheRepository.swift */; };
		9E2EF7292DFD23D9009D5836 /* MockCharacterMapper.swift in Sources */ = {isa = PBXBuildFile; fileRef = 9E2EF7282DFD23D9009D5836 /* MockCharacterMapper.swift */; };
		9E2EF7352DFD38DE009D5836 /* CharacterMapperTests.swift in Sources */ = {isa = PBXBuildFile; fileRef = 9E2EF7342DFD38DE009D5836 /* CharacterMapperTests.swift */; };
		9E2EF7382DFD4514009D5836 /* HeroDetailViewModelTests.swift in Sources */ = {isa = PBXBuildFile; fileRef = 9E2EF7372DFD4514009D5836 /* HeroDetailViewModelTests.swift */; };
		9E2EF73B2DFD485C009D5836 /* HeroCellViewModelTests.swift in Sources */ = {isa = PBXBuildFile; fileRef = 9E2EF73A2DFD485C009D5836 /* HeroCellViewModelTests.swift */; };
		9E369E442DFBCB8A00116C97 /* HeroCellViewModelProtocol.swift in Sources */ = {isa = PBXBuildFile; fileRef = 9E369E432DFBCB8A00116C97 /* HeroCellViewModelProtocol.swift */; };
		9E369E462DFBCBAD00116C97 /* HeroCellViewModel.swift in Sources */ = {isa = PBXBuildFile; fileRef = 9E369E452DFBCBAD00116C97 /* HeroCellViewModel.swift */; };
		9E369E482DFBCCEE00116C97 /* HeroDetailViewModelProtocol.swift in Sources */ = {isa = PBXBuildFile; fileRef = 9E369E472DFBCCEE00116C97 /* HeroDetailViewModelProtocol.swift */; };
		9EA1A7752E019D5000EB455A /* WallaMarvelApp.swift in Sources */ = {isa = PBXBuildFile; fileRef = 9EA1A7742E019D5000EB455A /* WallaMarvelApp.swift */; };
		9EA1A7772E019D6300EB455A /* AppLifecycleObserver.swift in Sources */ = {isa = PBXBuildFile; fileRef = 9EA1A7762E019D6300EB455A /* AppLifecycleObserver.swift */; };
		9EA1A7792E01A25F00EB455A /* AppCoordinator.swift in Sources */ = {isa = PBXBuildFile; fileRef = 9EA1A7782E01A25F00EB455A /* AppCoordinator.swift */; };
		9EA1A77B2E01A8C600EB455A /* CoordinatorView.swift in Sources */ = {isa = PBXBuildFile; fileRef = 9EA1A77A2E01A8C600EB455A /* CoordinatorView.swift */; };
		9EBA25852E003CE2000E2EF2 /* HeroCardView.swift in Sources */ = {isa = PBXBuildFile; fileRef = 9EBA25842E003CE2000E2EF2 /* HeroCardView.swift */; };
		9EBA25892E003D03000E2EF2 /* HeroGridSection.swift in Sources */ = {isa = PBXBuildFile; fileRef = 9EBA25882E003D03000E2EF2 /* HeroGridSection.swift */; };
		9EBA258B2E005355000E2EF2 /* DiagonalHeroStreamBackgroundView.swift in Sources */ = {isa = PBXBuildFile; fileRef = 9EBA258A2E005355000E2EF2 /* DiagonalHeroStreamBackgroundView.swift */; };
		9EBA258D2E0053A2000E2EF2 /* MainContent.swift in Sources */ = {isa = PBXBuildFile; fileRef = 9EBA258C2E0053A2000E2EF2 /* MainContent.swift */; };
		9EBA258F2E0053B0000E2EF2 /* BackgroundGradient.swift in Sources */ = {isa = PBXBuildFile; fileRef = 9EBA258E2E0053B0000E2EF2 /* BackgroundGradient.swift */; };
		9EBA25912E0053BE000E2EF2 /* LoadingOverlay.swift in Sources */ = {isa = PBXBuildFile; fileRef = 9EBA25902E0053BE000E2EF2 /* LoadingOverlay.swift */; };
		9EBA25932E0056A1000E2EF2 /* View+CardStyle.swift in Sources */ = {isa = PBXBuildFile; fileRef = 9EBA25922E0056A1000E2EF2 /* View+CardStyle.swift */; };
		9EBA25952E005787000E2EF2 /* AnimatedFloatingImageView.swift in Sources */ = {isa = PBXBuildFile; fileRef = 9EBA25942E005787000E2EF2 /* AnimatedFloatingImageView.swift */; };
		9EC0D9DB2DF7EEF900D35DE5 /* HeroDetailViewModel.swift in Sources */ = {isa = PBXBuildFile; fileRef = 9EC0D9DA2DF7EEF900D35DE5 /* HeroDetailViewModel.swift */; };
		9EC0D9DD2DF7EF4100D35DE5 /* HeroDetailScreen.swift in Sources */ = {isa = PBXBuildFile; fileRef = 9EC0D9DC2DF7EF4100D35DE5 /* HeroDetailScreen.swift */; };
		9ECC74D72DF9638B00236EEE /* CoreDataStack.swift in Sources */ = {isa = PBXBuildFile; fileRef = 9ECC74D62DF9638B00236EEE /* CoreDataStack.swift */; };
		9ECC74DD2DF9643E00236EEE /* CharacterCacheRepository.swift in Sources */ = {isa = PBXBuildFile; fileRef = 9ECC74DC2DF9643E00236EEE /* CharacterCacheRepository.swift */; };
		9ECC74DF2DF9665500236EEE /* NetworkMonitor.swift in Sources */ = {isa = PBXBuildFile; fileRef = 9ECC74DE2DF9665500236EEE /* NetworkMonitor.swift */; };
		9ECC74E62DF979B000236EEE /* WallaMarvel.xcdatamodeld in Sources */ = {isa = PBXBuildFile; fileRef = 9ECC74E42DF979B000236EEE /* WallaMarvel.xcdatamodeld */; };
		9ECC750B2DFAC5BE00236EEE /* FetchCharactersUseCase.swift in Sources */ = {isa = PBXBuildFile; fileRef = 9ECC750A2DFAC5BE00236EEE /* FetchCharactersUseCase.swift */; };
		9ECC75142DFACF6E00236EEE /* CharacterCacheRepositoryProtocol.swift in Sources */ = {isa = PBXBuildFile; fileRef = 9ECC75132DFACF6E00236EEE /* CharacterCacheRepositoryProtocol.swift */; };
		9ECC75162DFACFC600236EEE /* CharacterRepositoryProtocol.swift in Sources */ = {isa = PBXBuildFile; fileRef = 9ECC75152DFACFC600236EEE /* CharacterRepositoryProtocol.swift */; };
		9ECC75182DFAD02B00236EEE /* FetchCharactersUseCaseProtocol.swift in Sources */ = {isa = PBXBuildFile; fileRef = 9ECC75172DFAD02B00236EEE /* FetchCharactersUseCaseProtocol.swift */; };
		9ECC751A2DFAD1EA00236EEE /* CharacterMapperProtocol.swift in Sources */ = {isa = PBXBuildFile; fileRef = 9ECC75192DFAD1EA00236EEE /* CharacterMapperProtocol.swift */; };
		9ECC751C2DFADA9600236EEE /* String+Constants.swift in Sources */ = {isa = PBXBuildFile; fileRef = 9ECC751B2DFADA9600236EEE /* String+Constants.swift */; };
		9ECC751F2DFADB1D00236EEE /* CharacterCachePersistingService.swift in Sources */ = {isa = PBXBuildFile; fileRef = 9ECC751E2DFADB1D00236EEE /* CharacterCachePersistingService.swift */; };
		9ECC75262DFAF34800236EEE /* TitleHeaderView.swift in Sources */ = {isa = PBXBuildFile; fileRef = 9ECC75252DFAF34800236EEE /* TitleHeaderView.swift */; };
		9ECC75282DFAF37E00236EEE /* SearchBarView.swift in Sources */ = {isa = PBXBuildFile; fileRef = 9ECC75272DFAF37E00236EEE /* SearchBarView.swift */; };
		9ECC752A2DFAF38800236EEE /* HeroListSection.swift in Sources */ = {isa = PBXBuildFile; fileRef = 9ECC75292DFAF38800236EEE /* HeroListSection.swift */; };
		9ECCCCCC2DFC2516004A68DC /* MockFetchHeroesUseCase.swift in Sources */ = {isa = PBXBuildFile; fileRef = 9ECCCCCB2DFC2516004A68DC /* MockFetchHeroesUseCase.swift */; };
		9ECCCCD32DFC25D5004A68DC /* MockNetworkMonitor.swift in Sources */ = {isa = PBXBuildFile; fileRef = 9ECCCCD22DFC25D5004A68DC /* MockNetworkMonitor.swift */; };
		9ECCCCD62DFC25E8004A68DC /* HeroesListViewModelTests.swift in Sources */ = {isa = PBXBuildFile; fileRef = 9ECCCCD52DFC25E8004A68DC /* HeroesListViewModelTests.swift */; };
		9ECCCCD92DFC26E3004A68DC /* NetworkMonitoringProtocol.swift in Sources */ = {isa = PBXBuildFile; fileRef = 9ECCCCD82DFC26E3004A68DC /* NetworkMonitoringProtocol.swift */; };
		9ED8DC1B2DF6FDB800A44B55 /* NetworkError.swift in Sources */ = {isa = PBXBuildFile; fileRef = 9ED8DC1A2DF6FDB800A44B55 /* NetworkError.swift */; };
		9ED8DC1D2DF6FDCD00A44B55 /* MarvelRequestBuilder.swift in Sources */ = {isa = PBXBuildFile; fileRef = 9ED8DC1C2DF6FDCD00A44B55 /* MarvelRequestBuilder.swift */; };
		9ED8DC272DF6FF8900A44B55 /* AppConstants.swift in Sources */ = {isa = PBXBuildFile; fileRef = 9ED8DC262DF6FF8900A44B55 /* AppConstants.swift */; };
		9ED8DC292DF705B300A44B55 /* MarvelRemoteDataSource.swift in Sources */ = {isa = PBXBuildFile; fileRef = 9ED8DC282DF705B300A44B55 /* MarvelRemoteDataSource.swift */; };
		9ED8DC2B2DF7065700A44B55 /* MarvelRemoteDataSourceProtocol.swift in Sources */ = {isa = PBXBuildFile; fileRef = 9ED8DC2A2DF7065700A44B55 /* MarvelRemoteDataSourceProtocol.swift */; };
		9ED8DC2D2DF7071100A44B55 /* MarvelAPIClient.swift in Sources */ = {isa = PBXBuildFile; fileRef = 9ED8DC2C2DF7071100A44B55 /* MarvelAPIClient.swift */; };
		9ED8DC2F2DF7074900A44B55 /* MarvelAPIClientProtocol.swift in Sources */ = {isa = PBXBuildFile; fileRef = 9ED8DC2E2DF7074900A44B55 /* MarvelAPIClientProtocol.swift */; };
		9ED8DC322DF70BE800A44B55 /* Character.swift in Sources */ = {isa = PBXBuildFile; fileRef = 9ED8DC312DF70BE800A44B55 /* Character.swift */; };
		9ED8DC352DF70C0B00A44B55 /* CharacterMapper.swift in Sources */ = {isa = PBXBuildFile; fileRef = 9ED8DC342DF70C0B00A44B55 /* CharacterMapper.swift */; };
		9ED8DC372DF7240B00A44B55 /* CharacterDataContainer.swift in Sources */ = {isa = PBXBuildFile; fileRef = 9ED8DC362DF7240B00A44B55 /* CharacterDataContainer.swift */; };
		9ED8DC392DF7243500A44B55 /* CharacterResponseDataModel.swift in Sources */ = {isa = PBXBuildFile; fileRef = 9ED8DC382DF7243500A44B55 /* CharacterResponseDataModel.swift */; };
		9ED8DC3D2DF743F700A44B55 /* CharacterRepository.swift in Sources */ = {isa = PBXBuildFile; fileRef = 9ED8DC3C2DF743F700A44B55 /* CharacterRepository.swift */; };
		9ED8DC432DF7D4BA00A44B55 /* HeroesListViewModel.swift in Sources */ = {isa = PBXBuildFile; fileRef = 9ED8DC422DF7D4BA00A44B55 /* HeroesListViewModel.swift */; };
		9ED8DC552DF7D8DF00A44B55 /* HeroesListView.swift in Sources */ = {isa = PBXBuildFile; fileRef = 9ED8DC542DF7D8DF00A44B55 /* HeroesListView.swift */; };
		9ED8DC5B2DF7DB0100A44B55 /* HeroCellView.swift in Sources */ = {isa = PBXBuildFile; fileRef = 9ED8DC5A2DF7DB0100A44B55 /* HeroCellView.swift */; };
		9EE949822E0004390072558D /* Kingfisher in Frameworks */ = {isa = PBXBuildFile; productRef = 9EE949812E0004390072558D /* Kingfisher */; };
/* End PBXBuildFile section */

/* Begin PBXContainerItemProxy section */
		1A0E3AAC2862F7E300132FCB /* PBXContainerItemProxy */ = {
			isa = PBXContainerItemProxy;
			containerPortal = 1A0E3A8D2862F7E200132FCB /* Project object */;
			proxyType = 1;
			remoteGlobalIDString = 1A0E3A942862F7E200132FCB;
			remoteInfo = WallaMarvel;
		};
		1A0E3AB62862F7E300132FCB /* PBXContainerItemProxy */ = {
			isa = PBXContainerItemProxy;
			containerPortal = 1A0E3A8D2862F7E200132FCB /* Project object */;
			proxyType = 1;
			remoteGlobalIDString = 1A0E3A942862F7E200132FCB;
			remoteInfo = WallaMarvel;
		};
/* End PBXContainerItemProxy section */

/* Begin PBXFileReference section */
		1A0E3A952862F7E200132FCB /* WallaMarvel.app */ = {isa = PBXFileReference; explicitFileType = wrapper.application; includeInIndex = 0; path = WallaMarvel.app; sourceTree = BUILT_PRODUCTS_DIR; };
		1A0E3AA12862F7E300132FCB /* Assets.xcassets */ = {isa = PBXFileReference; lastKnownFileType = folder.assetcatalog; path = Assets.xcassets; sourceTree = "<group>"; };
		1A0E3AA42862F7E300132FCB /* Base */ = {isa = PBXFileReference; lastKnownFileType = file.storyboard; name = Base; path = Base.lproj/LaunchScreen.storyboard; sourceTree = "<group>"; };
		1A0E3AA62862F7E300132FCB /* Info.plist */ = {isa = PBXFileReference; lastKnownFileType = text.plist.xml; path = Info.plist; sourceTree = "<group>"; };
		1A0E3AAB2862F7E300132FCB /* WallaMarvelTests.xctest */ = {isa = PBXFileReference; explicitFileType = wrapper.cfbundle; includeInIndex = 0; path = WallaMarvelTests.xctest; sourceTree = BUILT_PRODUCTS_DIR; };
		1A0E3AB52862F7E300132FCB /* WallaMarvelUITests.xctest */ = {isa = PBXFileReference; explicitFileType = wrapper.cfbundle; includeInIndex = 0; path = WallaMarvelUITests.xctest; sourceTree = BUILT_PRODUCTS_DIR; };
		1A0E3ABB2862F7E300132FCB /* WallaMarvelUITestsLaunchTests.swift */ = {isa = PBXFileReference; lastKnownFileType = sourcecode.swift; path = WallaMarvelUITestsLaunchTests.swift; sourceTree = "<group>"; };
		1A7B9BBC286D81AA00EBC1A6 /* CharacterDataModel.swift */ = {isa = PBXFileReference; lastKnownFileType = sourcecode.swift; path = CharacterDataModel.swift; sourceTree = "<group>"; };
		1A7B9BBE286D81B600EBC1A6 /* Thumbnail.swift */ = {isa = PBXFileReference; lastKnownFileType = sourcecode.swift; path = Thumbnail.swift; sourceTree = "<group>"; };
		1A821ECB2862FF990024D397 /* String+MD5.swift */ = {isa = PBXFileReference; lastKnownFileType = sourcecode.swift; path = "String+MD5.swift"; sourceTree = "<group>"; };
		9E2EF7152DFC5120009D5836 /* FetchHeroesUseCaseTests.swift */ = {isa = PBXFileReference; lastKnownFileType = sourcecode.swift; path = FetchHeroesUseCaseTests.swift; sourceTree = "<group>"; };
		9E2EF7182DFC519B009D5836 /* MockMarvelRepository.swift */ = {isa = PBXFileReference; lastKnownFileType = sourcecode.swift; path = MockMarvelRepository.swift; sourceTree = "<group>"; };
		9E2EF71B2DFD1BA6009D5836 /* CharacterRepositoryTests.swift */ = {isa = PBXFileReference; lastKnownFileType = sourcecode.swift; path = CharacterRepositoryTests.swift; sourceTree = "<group>"; };
		9E2EF71E2DFD1CDB009D5836 /* MockRemoteDataSource.swift */ = {isa = PBXFileReference; lastKnownFileType = sourcecode.swift; path = MockRemoteDataSource.swift; sourceTree = "<group>"; };
		9E2EF7212DFD1D9C009D5836 /* CharacterDataContainer.swift */ = {isa = PBXFileReference; lastKnownFileType = sourcecode.swift; path = CharacterDataContainer.swift; sourceTree = "<group>"; };
		9E2EF7252DFD1ED0009D5836 /* MockCharacterCacheRepository.swift */ = {isa = PBXFileReference; lastKnownFileType = sourcecode.swift; path = MockCharacterCacheRepository.swift; sourceTree = "<group>"; };
		9E2EF7282DFD23D9009D5836 /* MockCharacterMapper.swift */ = {isa = PBXFileReference; lastKnownFileType = sourcecode.swift; path = MockCharacterMapper.swift; sourceTree = "<group>"; };
		9E2EF7342DFD38DE009D5836 /* CharacterMapperTests.swift */ = {isa = PBXFileReference; lastKnownFileType = sourcecode.swift; path = CharacterMapperTests.swift; sourceTree = "<group>"; };
		9E2EF7372DFD4514009D5836 /* HeroDetailViewModelTests.swift */ = {isa = PBXFileReference; lastKnownFileType = sourcecode.swift; path = HeroDetailViewModelTests.swift; sourceTree = "<group>"; };
		9E2EF73A2DFD485C009D5836 /* HeroCellViewModelTests.swift */ = {isa = PBXFileReference; lastKnownFileType = sourcecode.swift; path = HeroCellViewModelTests.swift; sourceTree = "<group>"; };
		9E369E432DFBCB8A00116C97 /* HeroCellViewModelProtocol.swift */ = {isa = PBXFileReference; lastKnownFileType = sourcecode.swift; path = HeroCellViewModelProtocol.swift; sourceTree = "<group>"; };
		9E369E452DFBCBAD00116C97 /* HeroCellViewModel.swift */ = {isa = PBXFileReference; lastKnownFileType = sourcecode.swift; path = HeroCellViewModel.swift; sourceTree = "<group>"; };
		9E369E472DFBCCEE00116C97 /* HeroDetailViewModelProtocol.swift */ = {isa = PBXFileReference; lastKnownFileType = sourcecode.swift; path = HeroDetailViewModelProtocol.swift; sourceTree = "<group>"; };
		9EA1A7742E019D5000EB455A /* WallaMarvelApp.swift */ = {isa = PBXFileReference; lastKnownFileType = sourcecode.swift; path = WallaMarvelApp.swift; sourceTree = "<group>"; };
		9EA1A7762E019D6300EB455A /* AppLifecycleObserver.swift */ = {isa = PBXFileReference; lastKnownFileType = sourcecode.swift; path = AppLifecycleObserver.swift; sourceTree = "<group>"; };
		9EA1A7782E01A25F00EB455A /* AppCoordinator.swift */ = {isa = PBXFileReference; lastKnownFileType = sourcecode.swift; path = AppCoordinator.swift; sourceTree = "<group>"; };
		9EA1A77A2E01A8C600EB455A /* CoordinatorView.swift */ = {isa = PBXFileReference; lastKnownFileType = sourcecode.swift; path = CoordinatorView.swift; sourceTree = "<group>"; };
		9EBA25842E003CE2000E2EF2 /* HeroCardView.swift */ = {isa = PBXFileReference; lastKnownFileType = sourcecode.swift; path = HeroCardView.swift; sourceTree = "<group>"; };
		9EBA25882E003D03000E2EF2 /* HeroGridSection.swift */ = {isa = PBXFileReference; lastKnownFileType = sourcecode.swift; path = HeroGridSection.swift; sourceTree = "<group>"; };
		9EBA258A2E005355000E2EF2 /* DiagonalHeroStreamBackgroundView.swift */ = {isa = PBXFileReference; lastKnownFileType = sourcecode.swift; path = DiagonalHeroStreamBackgroundView.swift; sourceTree = "<group>"; };
		9EBA258C2E0053A2000E2EF2 /* MainContent.swift */ = {isa = PBXFileReference; lastKnownFileType = sourcecode.swift; path = MainContent.swift; sourceTree = "<group>"; };
		9EBA258E2E0053B0000E2EF2 /* BackgroundGradient.swift */ = {isa = PBXFileReference; lastKnownFileType = sourcecode.swift; path = BackgroundGradient.swift; sourceTree = "<group>"; };
		9EBA25902E0053BE000E2EF2 /* LoadingOverlay.swift */ = {isa = PBXFileReference; lastKnownFileType = sourcecode.swift; path = LoadingOverlay.swift; sourceTree = "<group>"; };
		9EBA25922E0056A1000E2EF2 /* View+CardStyle.swift */ = {isa = PBXFileReference; lastKnownFileType = sourcecode.swift; path = "View+CardStyle.swift"; sourceTree = "<group>"; };
		9EBA25942E005787000E2EF2 /* AnimatedFloatingImageView.swift */ = {isa = PBXFileReference; lastKnownFileType = sourcecode.swift; path = AnimatedFloatingImageView.swift; sourceTree = "<group>"; };
		9EC0D9DA2DF7EEF900D35DE5 /* HeroDetailViewModel.swift */ = {isa = PBXFileReference; lastKnownFileType = sourcecode.swift; path = HeroDetailViewModel.swift; sourceTree = "<group>"; };
		9EC0D9DC2DF7EF4100D35DE5 /* HeroDetailScreen.swift */ = {isa = PBXFileReference; lastKnownFileType = sourcecode.swift; path = HeroDetailScreen.swift; sourceTree = "<group>"; };
		9ECC74D62DF9638B00236EEE /* CoreDataStack.swift */ = {isa = PBXFileReference; lastKnownFileType = sourcecode.swift; path = CoreDataStack.swift; sourceTree = "<group>"; };
		9ECC74DC2DF9643E00236EEE /* CharacterCacheRepository.swift */ = {isa = PBXFileReference; lastKnownFileType = sourcecode.swift; path = CharacterCacheRepository.swift; sourceTree = "<group>"; };
		9ECC74DE2DF9665500236EEE /* NetworkMonitor.swift */ = {isa = PBXFileReference; lastKnownFileType = sourcecode.swift; path = NetworkMonitor.swift; sourceTree = "<group>"; };
		9ECC74E52DF979B000236EEE /* WallaMarvel.xcdatamodel */ = {isa = PBXFileReference; lastKnownFileType = wrapper.xcdatamodel; path = WallaMarvel.xcdatamodel; sourceTree = "<group>"; };
		9ECC750A2DFAC5BE00236EEE /* FetchCharactersUseCase.swift */ = {isa = PBXFileReference; lastKnownFileType = sourcecode.swift; path = FetchCharactersUseCase.swift; sourceTree = "<group>"; };
		9ECC75132DFACF6E00236EEE /* CharacterCacheRepositoryProtocol.swift */ = {isa = PBXFileReference; lastKnownFileType = sourcecode.swift; path = CharacterCacheRepositoryProtocol.swift; sourceTree = "<group>"; };
		9ECC75152DFACFC600236EEE /* CharacterRepositoryProtocol.swift */ = {isa = PBXFileReference; lastKnownFileType = sourcecode.swift; path = CharacterRepositoryProtocol.swift; sourceTree = "<group>"; };
		9ECC75172DFAD02B00236EEE /* FetchCharactersUseCaseProtocol.swift */ = {isa = PBXFileReference; lastKnownFileType = sourcecode.swift; path = FetchCharactersUseCaseProtocol.swift; sourceTree = "<group>"; };
		9ECC75192DFAD1EA00236EEE /* CharacterMapperProtocol.swift */ = {isa = PBXFileReference; lastKnownFileType = sourcecode.swift; path = CharacterMapperProtocol.swift; sourceTree = "<group>"; };
		9ECC751B2DFADA9600236EEE /* String+Constants.swift */ = {isa = PBXFileReference; lastKnownFileType = sourcecode.swift; path = "String+Constants.swift"; sourceTree = "<group>"; };
		9ECC751E2DFADB1D00236EEE /* CharacterCachePersistingService.swift */ = {isa = PBXFileReference; lastKnownFileType = sourcecode.swift; path = CharacterCachePersistingService.swift; sourceTree = "<group>"; };
		9ECC75252DFAF34800236EEE /* TitleHeaderView.swift */ = {isa = PBXFileReference; lastKnownFileType = sourcecode.swift; path = TitleHeaderView.swift; sourceTree = "<group>"; };
		9ECC75272DFAF37E00236EEE /* SearchBarView.swift */ = {isa = PBXFileReference; lastKnownFileType = sourcecode.swift; path = SearchBarView.swift; sourceTree = "<group>"; };
		9ECC75292DFAF38800236EEE /* HeroListSection.swift */ = {isa = PBXFileReference; lastKnownFileType = sourcecode.swift; path = HeroListSection.swift; sourceTree = "<group>"; };
		9ECCCCCB2DFC2516004A68DC /* MockFetchHeroesUseCase.swift */ = {isa = PBXFileReference; lastKnownFileType = sourcecode.swift; path = MockFetchHeroesUseCase.swift; sourceTree = "<group>"; };
		9ECCCCD22DFC25D5004A68DC /* MockNetworkMonitor.swift */ = {isa = PBXFileReference; lastKnownFileType = sourcecode.swift; path = MockNetworkMonitor.swift; sourceTree = "<group>"; };
		9ECCCCD52DFC25E8004A68DC /* HeroesListViewModelTests.swift */ = {isa = PBXFileReference; lastKnownFileType = sourcecode.swift; path = HeroesListViewModelTests.swift; sourceTree = "<group>"; };
		9ECCCCD82DFC26E3004A68DC /* NetworkMonitoringProtocol.swift */ = {isa = PBXFileReference; lastKnownFileType = sourcecode.swift; path = NetworkMonitoringProtocol.swift; sourceTree = "<group>"; };
		9ED8DC1A2DF6FDB800A44B55 /* NetworkError.swift */ = {isa = PBXFileReference; lastKnownFileType = sourcecode.swift; path = NetworkError.swift; sourceTree = "<group>"; };
		9ED8DC1C2DF6FDCD00A44B55 /* MarvelRequestBuilder.swift */ = {isa = PBXFileReference; lastKnownFileType = sourcecode.swift; path = MarvelRequestBuilder.swift; sourceTree = "<group>"; };
		9ED8DC262DF6FF8900A44B55 /* AppConstants.swift */ = {isa = PBXFileReference; lastKnownFileType = sourcecode.swift; path = AppConstants.swift; sourceTree = "<group>"; };
		9ED8DC282DF705B300A44B55 /* MarvelRemoteDataSource.swift */ = {isa = PBXFileReference; lastKnownFileType = sourcecode.swift; path = MarvelRemoteDataSource.swift; sourceTree = "<group>"; };
		9ED8DC2A2DF7065700A44B55 /* MarvelRemoteDataSourceProtocol.swift */ = {isa = PBXFileReference; lastKnownFileType = sourcecode.swift; path = MarvelRemoteDataSourceProtocol.swift; sourceTree = "<group>"; };
		9ED8DC2C2DF7071100A44B55 /* MarvelAPIClient.swift */ = {isa = PBXFileReference; lastKnownFileType = sourcecode.swift; path = MarvelAPIClient.swift; sourceTree = "<group>"; };
		9ED8DC2E2DF7074900A44B55 /* MarvelAPIClientProtocol.swift */ = {isa = PBXFileReference; lastKnownFileType = sourcecode.swift; path = MarvelAPIClientProtocol.swift; sourceTree = "<group>"; };
		9ED8DC312DF70BE800A44B55 /* Character.swift */ = {isa = PBXFileReference; lastKnownFileType = sourcecode.swift; path = Character.swift; sourceTree = "<group>"; };
		9ED8DC342DF70C0B00A44B55 /* CharacterMapper.swift */ = {isa = PBXFileReference; lastKnownFileType = sourcecode.swift; path = CharacterMapper.swift; sourceTree = "<group>"; };
		9ED8DC362DF7240B00A44B55 /* CharacterDataContainer.swift */ = {isa = PBXFileReference; lastKnownFileType = sourcecode.swift; path = CharacterDataContainer.swift; sourceTree = "<group>"; };
		9ED8DC382DF7243500A44B55 /* CharacterResponseDataModel.swift */ = {isa = PBXFileReference; lastKnownFileType = sourcecode.swift; path = CharacterResponseDataModel.swift; sourceTree = "<group>"; };
		9ED8DC3C2DF743F700A44B55 /* CharacterRepository.swift */ = {isa = PBXFileReference; lastKnownFileType = sourcecode.swift; path = CharacterRepository.swift; sourceTree = "<group>"; };
		9ED8DC422DF7D4BA00A44B55 /* HeroesListViewModel.swift */ = {isa = PBXFileReference; lastKnownFileType = sourcecode.swift; path = HeroesListViewModel.swift; sourceTree = "<group>"; };
		9ED8DC542DF7D8DF00A44B55 /* HeroesListView.swift */ = {isa = PBXFileReference; lastKnownFileType = sourcecode.swift; path = HeroesListView.swift; sourceTree = "<group>"; };
		9ED8DC5A2DF7DB0100A44B55 /* HeroCellView.swift */ = {isa = PBXFileReference; lastKnownFileType = sourcecode.swift; path = HeroCellView.swift; sourceTree = "<group>"; };
/* End PBXFileReference section */

/* Begin PBXFrameworksBuildPhase section */
		1A0E3A922862F7E200132FCB /* Frameworks */ = {
			isa = PBXFrameworksBuildPhase;
			buildActionMask = 2147483647;
			files = (
				9EE949822E0004390072558D /* Kingfisher in Frameworks */,
			);
			runOnlyForDeploymentPostprocessing = 0;
		};
		1A0E3AA82862F7E300132FCB /* Frameworks */ = {
			isa = PBXFrameworksBuildPhase;
			buildActionMask = 2147483647;
			files = (
			);
			runOnlyForDeploymentPostprocessing = 0;
		};
		1A0E3AB22862F7E300132FCB /* Frameworks */ = {
			isa = PBXFrameworksBuildPhase;
			buildActionMask = 2147483647;
			files = (
			);
			runOnlyForDeploymentPostprocessing = 0;
		};
/* End PBXFrameworksBuildPhase section */

/* Begin PBXGroup section */
		1A0E3A8C2862F7E200132FCB = {
			isa = PBXGroup;
			children = (
				1A0E3A972862F7E200132FCB /* WallaMarvel */,
				1A0E3A962862F7E200132FCB /* Products */,
			);
			sourceTree = "<group>";
		};
		1A0E3A962862F7E200132FCB /* Products */ = {
			isa = PBXGroup;
			children = (
				1A0E3A952862F7E200132FCB /* WallaMarvel.app */,
				1A0E3AAB2862F7E300132FCB /* WallaMarvelTests.xctest */,
				1A0E3AB52862F7E300132FCB /* WallaMarvelUITests.xctest */,
			);
			name = Products;
			sourceTree = "<group>";
		};
		1A0E3A972862F7E200132FCB /* WallaMarvel */ = {
			isa = PBXGroup;
			children = (
				9ED8DC0A2DF693F000A44B55 /* App */,
				9ECC74F52DFABF2300236EEE /* Core */,
				1A821EC72862FD6E0024D397 /* Data */,
				1A821EC62862FD650024D397 /* Domain */,
				9ECC74F72DFABF4800236EEE /* Presentation */,
				9ED8DC052DF68D3600A44B55 /* Resources */,
				1A0E3AA62862F7E300132FCB /* Info.plist */,
				9ECC74F82DFABF6100236EEE /* Tests */,
			);
			path = WallaMarvel;
			sourceTree = "<group>";
		};
		1A821EC62862FD650024D397 /* Domain */ = {
			isa = PBXGroup;
			children = (
				9EA1A7672E016C9900EB455A /* Entities */,
				9EA1A7662E016C9000EB455A /* Repositories */,
				1AC0347D286320F000E93178 /* UseCases */,
			);
			path = Domain;
			sourceTree = "<group>";
		};
		1A821EC72862FD6E0024D397 /* Data */ = {
			isa = PBXGroup;
			children = (
				9EA1A7632E016A1700EB455A /* API */,
				9ECC74DB2DF9642B00236EEE /* Cache */,
				9ED8DC332DF70C0100A44B55 /* Mappers */,
				1A821ED2286302D40024D397 /* Entities */,
				9EA1A76A2E0174D100EB455A /* Services */,
			);
			path = Data;
			sourceTree = "<group>";
		};
		1A821ED2286302D40024D397 /* Entities */ = {
			isa = PBXGroup;
			children = (
				1A7B9BBC286D81AA00EBC1A6 /* CharacterDataModel.swift */,
				9ED8DC382DF7243500A44B55 /* CharacterResponseDataModel.swift */,
				1A7B9BBE286D81B600EBC1A6 /* Thumbnail.swift */,
				9ED8DC362DF7240B00A44B55 /* CharacterDataContainer.swift */,
			);
			path = Entities;
			sourceTree = "<group>";
		};
		1AC0347D286320F000E93178 /* UseCases */ = {
			isa = PBXGroup;
			children = (
				9ECC750A2DFAC5BE00236EEE /* FetchCharactersUseCase.swift */,
				9ECC75172DFAD02B00236EEE /* FetchCharactersUseCaseProtocol.swift */,
			);
			path = UseCases;
			sourceTree = "<group>";
		};
		9E2EF7142DFC50E9009D5836 /* UseCase */ = {
			isa = PBXGroup;
			children = (
				9E2EF7152DFC5120009D5836 /* FetchHeroesUseCaseTests.swift */,
			);
			path = UseCase;
			sourceTree = "<group>";
		};
		9E2EF7242DFD1EA6009D5836 /* Repository */ = {
			isa = PBXGroup;
			children = (
				9E2EF71B2DFD1BA6009D5836 /* CharacterRepositoryTests.swift */,
			);
			path = Repository;
			sourceTree = "<group>";
		};
		9E2EF7332DFD38C8009D5836 /* Mappers */ = {
			isa = PBXGroup;
			children = (
				9E2EF7342DFD38DE009D5836 /* CharacterMapperTests.swift */,
			);
			path = Mappers;
			sourceTree = "<group>";
		};
		9EA1A7622E0169EA00EB455A /* Networking */ = {
			isa = PBXGroup;
			children = (
				9ECC74DE2DF9665500236EEE /* NetworkMonitor.swift */,
				9ECCCCD82DFC26E3004A68DC /* NetworkMonitoringProtocol.swift */,
				9ED8DC1A2DF6FDB800A44B55 /* NetworkError.swift */,
			);
			path = Networking;
			sourceTree = "<group>";
		};
		9EA1A7632E016A1700EB455A /* API */ = {
			isa = PBXGroup;
			children = (
				9ED8DC2C2DF7071100A44B55 /* MarvelAPIClient.swift */,
				9ED8DC2E2DF7074900A44B55 /* MarvelAPIClientProtocol.swift */,
				9ED8DC282DF705B300A44B55 /* MarvelRemoteDataSource.swift */,
				9ED8DC2A2DF7065700A44B55 /* MarvelRemoteDataSourceProtocol.swift */,
				9ED8DC1C2DF6FDCD00A44B55 /* MarvelRequestBuilder.swift */,
			);
			path = API;
			sourceTree = "<group>";
		};
		9EA1A7652E016B6A00EB455A /* Layout */ = {
			isa = PBXGroup;
			children = (
				9EBA258A2E005355000E2EF2 /* DiagonalHeroStreamBackgroundView.swift */,
				9EBA258E2E0053B0000E2EF2 /* BackgroundGradient.swift */,
			);
			path = Layout;
			sourceTree = "<group>";
		};
		9EA1A7662E016C9000EB455A /* Repositories */ = {
			isa = PBXGroup;
			children = (
				9ED8DC3C2DF743F700A44B55 /* CharacterRepository.swift */,
				9ECC75152DFACFC600236EEE /* CharacterRepositoryProtocol.swift */,
			);
			path = Repositories;
			sourceTree = "<group>";
		};
		9EA1A7672E016C9900EB455A /* Entities */ = {
			isa = PBXGroup;
			children = (
				9ED8DC312DF70BE800A44B55 /* Character.swift */,
			);
			path = Entities;
			sourceTree = "<group>";
		};
		9EA1A7682E016D3500EB455A /* Constants */ = {
			isa = PBXGroup;
			children = (
				9ED8DC262DF6FF8900A44B55 /* AppConstants.swift */,
			);
			path = Constants;
			sourceTree = "<group>";
		};
		9EA1A76A2E0174D100EB455A /* Services */ = {
			isa = PBXGroup;
			children = (
				9ECC751E2DFADB1D00236EEE /* CharacterCachePersistingService.swift */,
			);
			path = Services;
			sourceTree = "<group>";
		};
		9EA1A76B2E01766E00EB455A /* HeroesList */ = {
			isa = PBXGroup;
			children = (
				9ED8DC542DF7D8DF00A44B55 /* HeroesListView.swift */,
			);
			path = HeroesList;
			sourceTree = "<group>";
		};
		9EA1A76C2E01767800EB455A /* HeroDetail */ = {
			isa = PBXGroup;
			children = (
				9EC0D9DC2DF7EF4100D35DE5 /* HeroDetailScreen.swift */,
			);
			path = HeroDetail;
			sourceTree = "<group>";
		};
		9EA1A76D2E01768F00EB455A /* Shared */ = {
			isa = PBXGroup;
			children = (
				9EBA25902E0053BE000E2EF2 /* LoadingOverlay.swift */,
				9ECC75252DFAF34800236EEE /* TitleHeaderView.swift */,
			);
			path = Shared;
			sourceTree = "<group>";
		};
		9EA1A76E2E01769500EB455A /* HeroList */ = {
			isa = PBXGroup;
			children = (
				9ED8DC5A2DF7DB0100A44B55 /* HeroCellView.swift */,
				9EBA25842E003CE2000E2EF2 /* HeroCardView.swift */,
				9EBA25882E003D03000E2EF2 /* HeroGridSection.swift */,
				9ECC75272DFAF37E00236EEE /* SearchBarView.swift */,
				9ECC75292DFAF38800236EEE /* HeroListSection.swift */,
				9EBA258C2E0053A2000E2EF2 /* MainContent.swift */,
			);
			path = HeroList;
			sourceTree = "<group>";
		};
		9EA1A76F2E01769B00EB455A /* HeroDetail */ = {
			isa = PBXGroup;
			children = (
				9EBA25942E005787000E2EF2 /* AnimatedFloatingImageView.swift */,
			);
			path = HeroDetail;
			sourceTree = "<group>";
		};
		9EBA25962E006113000E2EF2 /* Views */ = {
			isa = PBXGroup;
			children = (
				9EA1A76B2E01766E00EB455A /* HeroesList */,
				9EA1A76C2E01767800EB455A /* HeroDetail */,
				9ECC75202DFAF2E900236EEE /* Components */,
				9EA1A7652E016B6A00EB455A /* Layout */,
			);
			path = Views;
			sourceTree = "<group>";
		};
		9EBA25972E00611E000E2EF2 /* ViewModels */ = {
			isa = PBXGroup;
			children = (
				9ED8DC422DF7D4BA00A44B55 /* HeroesListViewModel.swift */,
				9E369E432DFBCB8A00116C97 /* HeroCellViewModelProtocol.swift */,
				9E369E452DFBCBAD00116C97 /* HeroCellViewModel.swift */,
				9EC0D9DA2DF7EEF900D35DE5 /* HeroDetailViewModel.swift */,
				9E369E472DFBCCEE00116C97 /* HeroDetailViewModelProtocol.swift */,
			);
			path = ViewModels;
			sourceTree = "<group>";
		};
		9ECC74DB2DF9642B00236EEE /* Cache */ = {
			isa = PBXGroup;
			children = (
				9ECC74E42DF979B000236EEE /* WallaMarvel.xcdatamodeld */,
				9ECC74D62DF9638B00236EEE /* CoreDataStack.swift */,
				9ECC74DC2DF9643E00236EEE /* CharacterCacheRepository.swift */,
				9ECC75132DFACF6E00236EEE /* CharacterCacheRepositoryProtocol.swift */,
			);
			path = Cache;
			sourceTree = "<group>";
		};
		9ECC74F52DFABF2300236EEE /* Core */ = {
			isa = PBXGroup;
			children = (
				9EA1A7682E016D3500EB455A /* Constants */,
				9ECC750F2DFACE5500236EEE /* Extensions */,
				9EA1A7622E0169EA00EB455A /* Networking */,
			);
			path = Core;
			sourceTree = "<group>";
		};
		9ECC74F72DFABF4800236EEE /* Presentation */ = {
			isa = PBXGroup;
			children = (
				9ECC75092DFAC2A000236EEE /* Coordinator */,
				9EBA25972E00611E000E2EF2 /* ViewModels */,
				9EBA25962E006113000E2EF2 /* Views */,
			);
			path = Presentation;
			sourceTree = "<group>";
		};
		9ECC74F82DFABF6100236EEE /* Tests */ = {
			isa = PBXGroup;
			children = (
				9ECC74F92DFABF7200236EEE /* UnitTests */,
				9ECC74FA2DFABF7B00236EEE /* UITests */,
			);
			path = Tests;
			sourceTree = "<group>";
		};
		9ECC74F92DFABF7200236EEE /* UnitTests */ = {
			isa = PBXGroup;
			children = (
				9ECCCCCF2DFC2595004A68DC /* ViewModel */,
				9E2EF7142DFC50E9009D5836 /* UseCase */,
				9E2EF7242DFD1EA6009D5836 /* Repository */,
				9E2EF7332DFD38C8009D5836 /* Mappers */,
				9ECCCCCA2DFC2505004A68DC /* Mocks */,
			);
			path = UnitTests;
			sourceTree = "<group>";
		};
		9ECC74FA2DFABF7B00236EEE /* UITests */ = {
			isa = PBXGroup;
			children = (
				1A0E3ABB2862F7E300132FCB /* WallaMarvelUITestsLaunchTests.swift */,
			);
			path = UITests;
			sourceTree = "<group>";
		};
		9ECC75092DFAC2A000236EEE /* Coordinator */ = {
			isa = PBXGroup;
			children = (
				9EA1A7782E01A25F00EB455A /* AppCoordinator.swift */,
				9EA1A77A2E01A8C600EB455A /* CoordinatorView.swift */,
			);
			path = Coordinator;
			sourceTree = "<group>";
		};
		9ECC750F2DFACE5500236EEE /* Extensions */ = {
			isa = PBXGroup;
			children = (
				1A821ECB2862FF990024D397 /* String+MD5.swift */,
				9ECC751B2DFADA9600236EEE /* String+Constants.swift */,
				9EBA25922E0056A1000E2EF2 /* View+CardStyle.swift */,
			);
			path = Extensions;
			sourceTree = "<group>";
		};
		9ECC75202DFAF2E900236EEE /* Components */ = {
			isa = PBXGroup;
			children = (
				9EA1A76D2E01768F00EB455A /* Shared */,
				9EA1A76E2E01769500EB455A /* HeroList */,
				9EA1A76F2E01769B00EB455A /* HeroDetail */,
			);
			path = Components;
			sourceTree = "<group>";
		};
		9ECCCCCA2DFC2505004A68DC /* Mocks */ = {
			isa = PBXGroup;
			children = (
				9ECCCCCB2DFC2516004A68DC /* MockFetchHeroesUseCase.swift */,
				9ECCCCD22DFC25D5004A68DC /* MockNetworkMonitor.swift */,
				9E2EF7182DFC519B009D5836 /* MockMarvelRepository.swift */,
				9E2EF71E2DFD1CDB009D5836 /* MockRemoteDataSource.swift */,
				9E2EF7212DFD1D9C009D5836 /* CharacterDataContainer.swift */,
				9E2EF7252DFD1ED0009D5836 /* MockCharacterCacheRepository.swift */,
				9E2EF7282DFD23D9009D5836 /* MockCharacterMapper.swift */,
			);
			path = Mocks;
			sourceTree = "<group>";
		};
		9ECCCCCF2DFC2595004A68DC /* ViewModel */ = {
			isa = PBXGroup;
			children = (
				9E2EF7372DFD4514009D5836 /* HeroDetailViewModelTests.swift */,
				9E2EF73A2DFD485C009D5836 /* HeroCellViewModelTests.swift */,
				9ECCCCD52DFC25E8004A68DC /* HeroesListViewModelTests.swift */,
			);
			path = ViewModel;
			sourceTree = "<group>";
		};
		9ED8DC052DF68D3600A44B55 /* Resources */ = {
			isa = PBXGroup;
			children = (
				1A0E3AA12862F7E300132FCB /* Assets.xcassets */,
				1A0E3AA32862F7E300132FCB /* LaunchScreen.storyboard */,
			);
			path = Resources;
			sourceTree = "<group>";
		};
		9ED8DC0A2DF693F000A44B55 /* App */ = {
			isa = PBXGroup;
			children = (
				9EA1A7742E019D5000EB455A /* WallaMarvelApp.swift */,
				9EA1A7762E019D6300EB455A /* AppLifecycleObserver.swift */,
			);
			path = App;
			sourceTree = "<group>";
		};
		9ED8DC332DF70C0100A44B55 /* Mappers */ = {
			isa = PBXGroup;
			children = (
				9ED8DC342DF70C0B00A44B55 /* CharacterMapper.swift */,
				9ECC75192DFAD1EA00236EEE /* CharacterMapperProtocol.swift */,
			);
			path = Mappers;
			sourceTree = "<group>";
		};
/* End PBXGroup section */

/* Begin PBXNativeTarget section */
		1A0E3A942862F7E200132FCB /* WallaMarvel */ = {
			isa = PBXNativeTarget;
			buildConfigurationList = 1A0E3ABF2862F7E300132FCB /* Build configuration list for PBXNativeTarget "WallaMarvel" */;
			buildPhases = (
				1A0E3A912862F7E200132FCB /* Sources */,
				1A0E3A922862F7E200132FCB /* Frameworks */,
				1A0E3A932862F7E200132FCB /* Resources */,
			);
			buildRules = (
			);
			dependencies = (
			);
			name = WallaMarvel;
			productName = WallaMarvel;
			productReference = 1A0E3A952862F7E200132FCB /* WallaMarvel.app */;
			productType = "com.apple.product-type.application";
		};
		1A0E3AAA2862F7E300132FCB /* WallaMarvelTests */ = {
			isa = PBXNativeTarget;
			buildConfigurationList = 1A0E3AC22862F7E300132FCB /* Build configuration list for PBXNativeTarget "WallaMarvelTests" */;
			buildPhases = (
				1A0E3AA72862F7E300132FCB /* Sources */,
				1A0E3AA82862F7E300132FCB /* Frameworks */,
				1A0E3AA92862F7E300132FCB /* Resources */,
			);
			buildRules = (
			);
			dependencies = (
				1A0E3AAD2862F7E300132FCB /* PBXTargetDependency */,
			);
			name = WallaMarvelTests;
			productName = WallaMarvelTests;
			productReference = 1A0E3AAB2862F7E300132FCB /* WallaMarvelTests.xctest */;
			productType = "com.apple.product-type.bundle.unit-test";
		};
		1A0E3AB42862F7E300132FCB /* WallaMarvelUITests */ = {
			isa = PBXNativeTarget;
			buildConfigurationList = 1A0E3AC52862F7E300132FCB /* Build configuration list for PBXNativeTarget "WallaMarvelUITests" */;
			buildPhases = (
				1A0E3AB12862F7E300132FCB /* Sources */,
				1A0E3AB22862F7E300132FCB /* Frameworks */,
				1A0E3AB32862F7E300132FCB /* Resources */,
			);
			buildRules = (
			);
			dependencies = (
				1A0E3AB72862F7E300132FCB /* PBXTargetDependency */,
			);
			name = WallaMarvelUITests;
			productName = WallaMarvelUITests;
			productReference = 1A0E3AB52862F7E300132FCB /* WallaMarvelUITests.xctest */;
			productType = "com.apple.product-type.bundle.ui-testing";
		};
/* End PBXNativeTarget section */

/* Begin PBXProject section */
		1A0E3A8D2862F7E200132FCB /* Project object */ = {
			isa = PBXProject;
			attributes = {
				BuildIndependentTargetsInParallel = 1;
				LastSwiftUpdateCheck = 1340;
				LastUpgradeCheck = 1620;
				TargetAttributes = {
					1A0E3A942862F7E200132FCB = {
						CreatedOnToolsVersion = 13.4.1;
					};
					1A0E3AAA2862F7E300132FCB = {
						CreatedOnToolsVersion = 13.4.1;
						TestTargetID = 1A0E3A942862F7E200132FCB;
					};
					1A0E3AB42862F7E300132FCB = {
						CreatedOnToolsVersion = 13.4.1;
						TestTargetID = 1A0E3A942862F7E200132FCB;
					};
				};
			};
			buildConfigurationList = 1A0E3A902862F7E200132FCB /* Build configuration list for PBXProject "WallaMarvel" */;
			compatibilityVersion = "Xcode 13.0";
			developmentRegion = en;
			hasScannedForEncodings = 0;
			knownRegions = (
				en,
				Base,
			);
			mainGroup = 1A0E3A8C2862F7E200132FCB;
			packageReferences = (
				9EE9497F2E0003B30072558D /* XCRemoteSwiftPackageReference "Kingfisher" */,
			);
			productRefGroup = 1A0E3A962862F7E200132FCB /* Products */;
			projectDirPath = "";
			projectRoot = "";
			targets = (
				1A0E3A942862F7E200132FCB /* WallaMarvel */,
				1A0E3AAA2862F7E300132FCB /* WallaMarvelTests */,
				1A0E3AB42862F7E300132FCB /* WallaMarvelUITests */,
			);
		};
/* End PBXProject section */

/* Begin PBXResourcesBuildPhase section */
		1A0E3A932862F7E200132FCB /* Resources */ = {
			isa = PBXResourcesBuildPhase;
			buildActionMask = 2147483647;
			files = (
				1A0E3AA52862F7E300132FCB /* LaunchScreen.storyboard in Resources */,
				1A0E3AA22862F7E300132FCB /* Assets.xcassets in Resources */,
			);
			runOnlyForDeploymentPostprocessing = 0;
		};
		1A0E3AA92862F7E300132FCB /* Resources */ = {
			isa = PBXResourcesBuildPhase;
			buildActionMask = 2147483647;
			files = (
			);
			runOnlyForDeploymentPostprocessing = 0;
		};
		1A0E3AB32862F7E300132FCB /* Resources */ = {
			isa = PBXResourcesBuildPhase;
			buildActionMask = 2147483647;
			files = (
			);
			runOnlyForDeploymentPostprocessing = 0;
		};
/* End PBXResourcesBuildPhase section */

/* Begin PBXSourcesBuildPhase section */
		1A0E3A912862F7E200132FCB /* Sources */ = {
			isa = PBXSourcesBuildPhase;
			buildActionMask = 2147483647;
			files = (
				9ED8DC322DF70BE800A44B55 /* Character.swift in Sources */,
				9ECCCCD92DFC26E3004A68DC /* NetworkMonitoringProtocol.swift in Sources */,
				9EA1A7792E01A25F00EB455A /* AppCoordinator.swift in Sources */,
				9EC0D9DB2DF7EEF900D35DE5 /* HeroDetailViewModel.swift in Sources */,
				9ECC75282DFAF37E00236EEE /* SearchBarView.swift in Sources */,
				9ED8DC5B2DF7DB0100A44B55 /* HeroCellView.swift in Sources */,
				9E369E442DFBCB8A00116C97 /* HeroCellViewModelProtocol.swift in Sources */,
				9ED8DC432DF7D4BA00A44B55 /* HeroesListViewModel.swift in Sources */,
				9ECC75182DFAD02B00236EEE /* FetchCharactersUseCaseProtocol.swift in Sources */,
				9ECC75162DFACFC600236EEE /* CharacterRepositoryProtocol.swift in Sources */,
				9ED8DC3D2DF743F700A44B55 /* CharacterRepository.swift in Sources */,
				9EA1A77B2E01A8C600EB455A /* CoordinatorView.swift in Sources */,
				1A7B9BBD286D81AA00EBC1A6 /* CharacterDataModel.swift in Sources */,
				9E369E482DFBCCEE00116C97 /* HeroDetailViewModelProtocol.swift in Sources */,
				9EBA25952E005787000E2EF2 /* AnimatedFloatingImageView.swift in Sources */,
				9ED8DC1D2DF6FDCD00A44B55 /* MarvelRequestBuilder.swift in Sources */,
				9EA1A7752E019D5000EB455A /* WallaMarvelApp.swift in Sources */,
				1A821ECC2862FF990024D397 /* String+MD5.swift in Sources */,
				9ED8DC392DF7243500A44B55 /* CharacterResponseDataModel.swift in Sources */,
				9ECC74D72DF9638B00236EEE /* CoreDataStack.swift in Sources */,
				9EBA25892E003D03000E2EF2 /* HeroGridSection.swift in Sources */,
				9ED8DC1B2DF6FDB800A44B55 /* NetworkError.swift in Sources */,
				9ECC75142DFACF6E00236EEE /* CharacterCacheRepositoryProtocol.swift in Sources */,
				1A7B9BBF286D81B600EBC1A6 /* Thumbnail.swift in Sources */,
				9ED8DC352DF70C0B00A44B55 /* CharacterMapper.swift in Sources */,
				9ECC751A2DFAD1EA00236EEE /* CharacterMapperProtocol.swift in Sources */,
				9EBA258F2E0053B0000E2EF2 /* BackgroundGradient.swift in Sources */,
				9ECC75262DFAF34800236EEE /* TitleHeaderView.swift in Sources */,
				9ED8DC2D2DF7071100A44B55 /* MarvelAPIClient.swift in Sources */,
				9ECC74E62DF979B000236EEE /* WallaMarvel.xcdatamodeld in Sources */,
				9EBA25912E0053BE000E2EF2 /* LoadingOverlay.swift in Sources */,
				9ECC751C2DFADA9600236EEE /* String+Constants.swift in Sources */,
				9E369E462DFBCBAD00116C97 /* HeroCellViewModel.swift in Sources */,
				9EBA25932E0056A1000E2EF2 /* View+CardStyle.swift in Sources */,
				9ECC74DF2DF9665500236EEE /* NetworkMonitor.swift in Sources */,
				9ED8DC372DF7240B00A44B55 /* CharacterDataContainer.swift in Sources */,
				9EA1A7772E019D6300EB455A /* AppLifecycleObserver.swift in Sources */,
				9ED8DC272DF6FF8900A44B55 /* AppConstants.swift in Sources */,
				9ED8DC292DF705B300A44B55 /* MarvelRemoteDataSource.swift in Sources */,
				9ECC750B2DFAC5BE00236EEE /* FetchCharactersUseCase.swift in Sources */,
				9EC0D9DD2DF7EF4100D35DE5 /* HeroDetailScreen.swift in Sources */,
				9EBA258B2E005355000E2EF2 /* DiagonalHeroStreamBackgroundView.swift in Sources */,
				9ECC752A2DFAF38800236EEE /* HeroListSection.swift in Sources */,
				9ECC751F2DFADB1D00236EEE /* CharacterCachePersistingService.swift in Sources */,
				9ECC74DD2DF9643E00236EEE /* CharacterCacheRepository.swift in Sources */,
				9ED8DC2F2DF7074900A44B55 /* MarvelAPIClientProtocol.swift in Sources */,
				9ED8DC2B2DF7065700A44B55 /* MarvelRemoteDataSourceProtocol.swift in Sources */,
				9EBA25852E003CE2000E2EF2 /* HeroCardView.swift in Sources */,
				9EBA258D2E0053A2000E2EF2 /* MainContent.swift in Sources */,
				9ED8DC552DF7D8DF00A44B55 /* HeroesListView.swift in Sources */,
			);
			runOnlyForDeploymentPostprocessing = 0;
		};
		1A0E3AA72862F7E300132FCB /* Sources */ = {
			isa = PBXSourcesBuildPhase;
			buildActionMask = 2147483647;
			files = (
				9E2EF71C2DFD1BA6009D5836 /* CharacterRepositoryTests.swift in Sources */,
				9E2EF7382DFD4514009D5836 /* HeroDetailViewModelTests.swift in Sources */,
				9E2EF7222DFD1D9C009D5836 /* CharacterDataContainer.swift in Sources */,
				9E2EF73B2DFD485C009D5836 /* HeroCellViewModelTests.swift in Sources */,
				9E2EF7162DFC5120009D5836 /* FetchHeroesUseCaseTests.swift in Sources */,
				9ECCCCCC2DFC2516004A68DC /* MockFetchHeroesUseCase.swift in Sources */,
				9E2EF7292DFD23D9009D5836 /* MockCharacterMapper.swift in Sources */,
				9ECCCCD32DFC25D5004A68DC /* MockNetworkMonitor.swift in Sources */,
				9E2EF71F2DFD1CDB009D5836 /* MockRemoteDataSource.swift in Sources */,
				9E2EF7192DFC519B009D5836 /* MockMarvelRepository.swift in Sources */,
				9E2EF7352DFD38DE009D5836 /* CharacterMapperTests.swift in Sources */,
				9ECCCCD62DFC25E8004A68DC /* HeroesListViewModelTests.swift in Sources */,
				9E2EF7262DFD1ED0009D5836 /* MockCharacterCacheRepository.swift in Sources */,
			);
			runOnlyForDeploymentPostprocessing = 0;
		};
		1A0E3AB12862F7E300132FCB /* Sources */ = {
			isa = PBXSourcesBuildPhase;
			buildActionMask = 2147483647;
			files = (
				1A0E3ABC2862F7E300132FCB /* WallaMarvelUITestsLaunchTests.swift in Sources */,
			);
			runOnlyForDeploymentPostprocessing = 0;
		};
/* End PBXSourcesBuildPhase section */

/* Begin PBXTargetDependency section */
		1A0E3AAD2862F7E300132FCB /* PBXTargetDependency */ = {
			isa = PBXTargetDependency;
			target = 1A0E3A942862F7E200132FCB /* WallaMarvel */;
			targetProxy = 1A0E3AAC2862F7E300132FCB /* PBXContainerItemProxy */;
		};
		1A0E3AB72862F7E300132FCB /* PBXTargetDependency */ = {
			isa = PBXTargetDependency;
			target = 1A0E3A942862F7E200132FCB /* WallaMarvel */;
			targetProxy = 1A0E3AB62862F7E300132FCB /* PBXContainerItemProxy */;
		};
/* End PBXTargetDependency section */

/* Begin PBXVariantGroup section */
		1A0E3AA32862F7E300132FCB /* LaunchScreen.storyboard */ = {
			isa = PBXVariantGroup;
			children = (
				1A0E3AA42862F7E300132FCB /* Base */,
			);
			name = LaunchScreen.storyboard;
			sourceTree = "<group>";
		};
/* End PBXVariantGroup section */

/* Begin XCBuildConfiguration section */
		1A0E3ABD2862F7E300132FCB /* Debug */ = {
			isa = XCBuildConfiguration;
			buildSettings = {
				ALWAYS_SEARCH_USER_PATHS = NO;
				CLANG_ANALYZER_NONNULL = YES;
				CLANG_ANALYZER_NUMBER_OBJECT_CONVERSION = YES_AGGRESSIVE;
				CLANG_CXX_LANGUAGE_STANDARD = "gnu++17";
				CLANG_ENABLE_MODULES = YES;
				CLANG_ENABLE_OBJC_ARC = YES;
				CLANG_ENABLE_OBJC_WEAK = YES;
				CLANG_WARN_BLOCK_CAPTURE_AUTORELEASING = YES;
				CLANG_WARN_BOOL_CONVERSION = YES;
				CLANG_WARN_COMMA = YES;
				CLANG_WARN_CONSTANT_CONVERSION = YES;
				CLANG_WARN_DEPRECATED_OBJC_IMPLEMENTATIONS = YES;
				CLANG_WARN_DIRECT_OBJC_ISA_USAGE = YES_ERROR;
				CLANG_WARN_DOCUMENTATION_COMMENTS = YES;
				CLANG_WARN_EMPTY_BODY = YES;
				CLANG_WARN_ENUM_CONVERSION = YES;
				CLANG_WARN_INFINITE_RECURSION = YES;
				CLANG_WARN_INT_CONVERSION = YES;
				CLANG_WARN_NON_LITERAL_NULL_CONVERSION = YES;
				CLANG_WARN_OBJC_IMPLICIT_RETAIN_SELF = YES;
				CLANG_WARN_OBJC_LITERAL_CONVERSION = YES;
				CLANG_WARN_OBJC_ROOT_CLASS = YES_ERROR;
				CLANG_WARN_QUOTED_INCLUDE_IN_FRAMEWORK_HEADER = YES;
				CLANG_WARN_RANGE_LOOP_ANALYSIS = YES;
				CLANG_WARN_STRICT_PROTOTYPES = YES;
				CLANG_WARN_SUSPICIOUS_MOVE = YES;
				CLANG_WARN_UNGUARDED_AVAILABILITY = YES_AGGRESSIVE;
				CLANG_WARN_UNREACHABLE_CODE = YES;
				CLANG_WARN__DUPLICATE_METHOD_MATCH = YES;
				COPY_PHASE_STRIP = NO;
				DEBUG_INFORMATION_FORMAT = dwarf;
				ENABLE_STRICT_OBJC_MSGSEND = YES;
				ENABLE_TESTABILITY = YES;
				ENABLE_USER_SCRIPT_SANDBOXING = YES;
				GCC_C_LANGUAGE_STANDARD = gnu11;
				GCC_DYNAMIC_NO_PIC = NO;
				GCC_NO_COMMON_BLOCKS = YES;
				GCC_OPTIMIZATION_LEVEL = 0;
				GCC_PREPROCESSOR_DEFINITIONS = (
					"DEBUG=1",
					"$(inherited)",
				);
				GCC_WARN_64_TO_32_BIT_CONVERSION = YES;
				GCC_WARN_ABOUT_RETURN_TYPE = YES_ERROR;
				GCC_WARN_UNDECLARED_SELECTOR = YES;
				GCC_WARN_UNINITIALIZED_AUTOS = YES_AGGRESSIVE;
				GCC_WARN_UNUSED_FUNCTION = YES;
				GCC_WARN_UNUSED_VARIABLE = YES;
				IPHONEOS_DEPLOYMENT_TARGET = 15.5;
				MTL_ENABLE_DEBUG_INFO = INCLUDE_SOURCE;
				MTL_FAST_MATH = YES;
				ONLY_ACTIVE_ARCH = YES;
				SDKROOT = iphoneos;
				SWIFT_ACTIVE_COMPILATION_CONDITIONS = DEBUG;
				SWIFT_OPTIMIZATION_LEVEL = "-Onone";
			};
			name = Debug;
		};
		1A0E3ABE2862F7E300132FCB /* Release */ = {
			isa = XCBuildConfiguration;
			buildSettings = {
				ALWAYS_SEARCH_USER_PATHS = NO;
				CLANG_ANALYZER_NONNULL = YES;
				CLANG_ANALYZER_NUMBER_OBJECT_CONVERSION = YES_AGGRESSIVE;
				CLANG_CXX_LANGUAGE_STANDARD = "gnu++17";
				CLANG_ENABLE_MODULES = YES;
				CLANG_ENABLE_OBJC_ARC = YES;
				CLANG_ENABLE_OBJC_WEAK = YES;
				CLANG_WARN_BLOCK_CAPTURE_AUTORELEASING = YES;
				CLANG_WARN_BOOL_CONVERSION = YES;
				CLANG_WARN_COMMA = YES;
				CLANG_WARN_CONSTANT_CONVERSION = YES;
				CLANG_WARN_DEPRECATED_OBJC_IMPLEMENTATIONS = YES;
				CLANG_WARN_DIRECT_OBJC_ISA_USAGE = YES_ERROR;
				CLANG_WARN_DOCUMENTATION_COMMENTS = YES;
				CLANG_WARN_EMPTY_BODY = YES;
				CLANG_WARN_ENUM_CONVERSION = YES;
				CLANG_WARN_INFINITE_RECURSION = YES;
				CLANG_WARN_INT_CONVERSION = YES;
				CLANG_WARN_NON_LITERAL_NULL_CONVERSION = YES;
				CLANG_WARN_OBJC_IMPLICIT_RETAIN_SELF = YES;
				CLANG_WARN_OBJC_LITERAL_CONVERSION = YES;
				CLANG_WARN_OBJC_ROOT_CLASS = YES_ERROR;
				CLANG_WARN_QUOTED_INCLUDE_IN_FRAMEWORK_HEADER = YES;
				CLANG_WARN_RANGE_LOOP_ANALYSIS = YES;
				CLANG_WARN_STRICT_PROTOTYPES = YES;
				CLANG_WARN_SUSPICIOUS_MOVE = YES;
				CLANG_WARN_UNGUARDED_AVAILABILITY = YES_AGGRESSIVE;
				CLANG_WARN_UNREACHABLE_CODE = YES;
				CLANG_WARN__DUPLICATE_METHOD_MATCH = YES;
				COPY_PHASE_STRIP = NO;
				DEBUG_INFORMATION_FORMAT = "dwarf-with-dsym";
				ENABLE_NS_ASSERTIONS = NO;
				ENABLE_STRICT_OBJC_MSGSEND = YES;
				ENABLE_USER_SCRIPT_SANDBOXING = YES;
				GCC_C_LANGUAGE_STANDARD = gnu11;
				GCC_NO_COMMON_BLOCKS = YES;
				GCC_WARN_64_TO_32_BIT_CONVERSION = YES;
				GCC_WARN_ABOUT_RETURN_TYPE = YES_ERROR;
				GCC_WARN_UNDECLARED_SELECTOR = YES;
				GCC_WARN_UNINITIALIZED_AUTOS = YES_AGGRESSIVE;
				GCC_WARN_UNUSED_FUNCTION = YES;
				GCC_WARN_UNUSED_VARIABLE = YES;
				IPHONEOS_DEPLOYMENT_TARGET = 15.5;
				MTL_ENABLE_DEBUG_INFO = NO;
				MTL_FAST_MATH = YES;
				SDKROOT = iphoneos;
				SWIFT_COMPILATION_MODE = wholemodule;
				SWIFT_OPTIMIZATION_LEVEL = "-O";
				VALIDATE_PRODUCT = YES;
			};
			name = Release;
		};
		1A0E3AC02862F7E300132FCB /* Debug */ = {
			isa = XCBuildConfiguration;
			buildSettings = {
				ASSETCATALOG_COMPILER_APPICON_NAME = AppIcon;
				ASSETCATALOG_COMPILER_GLOBAL_ACCENT_COLOR_NAME = AccentColor;
				CODE_SIGN_STYLE = Automatic;
				CURRENT_PROJECT_VERSION = 1;
				DEVELOPMENT_TEAM = S35RY8MDWL;
				GENERATE_INFOPLIST_FILE = YES;
				INFOPLIST_FILE = WallaMarvel/Info.plist;
				INFOPLIST_KEY_UIApplicationSupportsIndirectInputEvents = YES;
				INFOPLIST_KEY_UILaunchStoryboardName = LaunchScreen;
				INFOPLIST_KEY_UISupportedInterfaceOrientations = UIInterfaceOrientationPortrait;
				IPHONEOS_DEPLOYMENT_TARGET = 13.0;
				LD_RUNPATH_SEARCH_PATHS = (
					"$(inherited)",
					"@executable_path/Frameworks",
				);
				MARKETING_VERSION = 1.0;
				PRODUCT_BUNDLE_IDENTIFIER = com.wallapop.WallaMarvel;
				PRODUCT_NAME = "$(TARGET_NAME)";
				SUPPORTED_PLATFORMS = "iphoneos iphonesimulator";
				SUPPORTS_MACCATALYST = NO;
				SUPPORTS_MAC_DESIGNED_FOR_IPHONE_IPAD = NO;
				SUPPORTS_XR_DESIGNED_FOR_IPHONE_IPAD = NO;
				SWIFT_EMIT_LOC_STRINGS = YES;
				SWIFT_VERSION = 5.0;
				TARGETED_DEVICE_FAMILY = "1,2";
			};
			name = Debug;
		};
		1A0E3AC12862F7E300132FCB /* Release */ = {
			isa = XCBuildConfiguration;
			buildSettings = {
				ASSETCATALOG_COMPILER_APPICON_NAME = AppIcon;
				ASSETCATALOG_COMPILER_GLOBAL_ACCENT_COLOR_NAME = AccentColor;
				CODE_SIGN_STYLE = Automatic;
				CURRENT_PROJECT_VERSION = 1;
				DEVELOPMENT_TEAM = S35RY8MDWL;
				GENERATE_INFOPLIST_FILE = YES;
				INFOPLIST_FILE = WallaMarvel/Info.plist;
				INFOPLIST_KEY_UIApplicationSupportsIndirectInputEvents = YES;
				INFOPLIST_KEY_UILaunchStoryboardName = LaunchScreen;
				INFOPLIST_KEY_UISupportedInterfaceOrientations = UIInterfaceOrientationPortrait;
				IPHONEOS_DEPLOYMENT_TARGET = 13.0;
				LD_RUNPATH_SEARCH_PATHS = (
					"$(inherited)",
					"@executable_path/Frameworks",
				);
				MARKETING_VERSION = 1.0;
				PRODUCT_BUNDLE_IDENTIFIER = com.wallapop.WallaMarvel;
				PRODUCT_NAME = "$(TARGET_NAME)";
				SUPPORTED_PLATFORMS = "iphoneos iphonesimulator";
				SUPPORTS_MACCATALYST = NO;
				SUPPORTS_MAC_DESIGNED_FOR_IPHONE_IPAD = NO;
				SUPPORTS_XR_DESIGNED_FOR_IPHONE_IPAD = NO;
				SWIFT_EMIT_LOC_STRINGS = YES;
				SWIFT_VERSION = 5.0;
				TARGETED_DEVICE_FAMILY = "1,2";
			};
			name = Release;
		};
		1A0E3AC32862F7E300132FCB /* Debug */ = {
			isa = XCBuildConfiguration;
			buildSettings = {
				BUNDLE_LOADER = "$(TEST_HOST)";
				CODE_SIGN_STYLE = Automatic;
				CURRENT_PROJECT_VERSION = 1;
				GENERATE_INFOPLIST_FILE = YES;
				IPHONEOS_DEPLOYMENT_TARGET = 15.5;
				MARKETING_VERSION = 1.0;
				PRODUCT_BUNDLE_IDENTIFIER = com.wallapop.WallaMarvelTests;
				PRODUCT_NAME = "$(TARGET_NAME)";
				SUPPORTED_PLATFORMS = "iphoneos iphonesimulator";
				SUPPORTS_MACCATALYST = NO;
				SUPPORTS_MAC_DESIGNED_FOR_IPHONE_IPAD = NO;
				SUPPORTS_XR_DESIGNED_FOR_IPHONE_IPAD = NO;
				SWIFT_EMIT_LOC_STRINGS = NO;
				SWIFT_VERSION = 5.0;
				TARGETED_DEVICE_FAMILY = "1,2";
				TEST_HOST = "$(BUILT_PRODUCTS_DIR)/WallaMarvel.app/WallaMarvel";
			};
			name = Debug;
		};
		1A0E3AC42862F7E300132FCB /* Release */ = {
			isa = XCBuildConfiguration;
			buildSettings = {
				BUNDLE_LOADER = "$(TEST_HOST)";
				CODE_SIGN_STYLE = Automatic;
				CURRENT_PROJECT_VERSION = 1;
				GENERATE_INFOPLIST_FILE = YES;
				IPHONEOS_DEPLOYMENT_TARGET = 15.5;
				MARKETING_VERSION = 1.0;
				PRODUCT_BUNDLE_IDENTIFIER = com.wallapop.WallaMarvelTests;
				PRODUCT_NAME = "$(TARGET_NAME)";
				SUPPORTED_PLATFORMS = "iphoneos iphonesimulator";
				SUPPORTS_MACCATALYST = NO;
				SUPPORTS_MAC_DESIGNED_FOR_IPHONE_IPAD = NO;
				SUPPORTS_XR_DESIGNED_FOR_IPHONE_IPAD = NO;
				SWIFT_EMIT_LOC_STRINGS = NO;
				SWIFT_VERSION = 5.0;
				TARGETED_DEVICE_FAMILY = "1,2";
				TEST_HOST = "$(BUILT_PRODUCTS_DIR)/WallaMarvel.app/WallaMarvel";
			};
			name = Release;
		};
		1A0E3AC62862F7E300132FCB /* Debug */ = {
			isa = XCBuildConfiguration;
			buildSettings = {
				CODE_SIGN_STYLE = Automatic;
				CURRENT_PROJECT_VERSION = 1;
				GENERATE_INFOPLIST_FILE = YES;
				MARKETING_VERSION = 1.0;
				PRODUCT_BUNDLE_IDENTIFIER = com.wallapop.WallaMarvelUITests;
				PRODUCT_NAME = "$(TARGET_NAME)";
				SUPPORTED_PLATFORMS = "iphoneos iphonesimulator";
				SUPPORTS_MACCATALYST = NO;
				SUPPORTS_MAC_DESIGNED_FOR_IPHONE_IPAD = NO;
				SUPPORTS_XR_DESIGNED_FOR_IPHONE_IPAD = NO;
				SWIFT_EMIT_LOC_STRINGS = NO;
				SWIFT_VERSION = 5.0;
				TARGETED_DEVICE_FAMILY = "1,2";
				TEST_TARGET_NAME = WallaMarvel;
			};
			name = Debug;
		};
		1A0E3AC72862F7E300132FCB /* Release */ = {
			isa = XCBuildConfiguration;
			buildSettings = {
				CODE_SIGN_STYLE = Automatic;
				CURRENT_PROJECT_VERSION = 1;
				GENERATE_INFOPLIST_FILE = YES;
				MARKETING_VERSION = 1.0;
				PRODUCT_BUNDLE_IDENTIFIER = com.wallapop.WallaMarvelUITests;
				PRODUCT_NAME = "$(TARGET_NAME)";
				SUPPORTED_PLATFORMS = "iphoneos iphonesimulator";
				SUPPORTS_MACCATALYST = NO;
				SUPPORTS_MAC_DESIGNED_FOR_IPHONE_IPAD = NO;
				SUPPORTS_XR_DESIGNED_FOR_IPHONE_IPAD = NO;
				SWIFT_EMIT_LOC_STRINGS = NO;
				SWIFT_VERSION = 5.0;
				TARGETED_DEVICE_FAMILY = "1,2";
				TEST_TARGET_NAME = WallaMarvel;
			};
			name = Release;
		};
/* End XCBuildConfiguration section */

/* Begin XCConfigurationList section */
		1A0E3A902862F7E200132FCB /* Build configuration list for PBXProject "WallaMarvel" */ = {
			isa = XCConfigurationList;
			buildConfigurations = (
				1A0E3ABD2862F7E300132FCB /* Debug */,
				1A0E3ABE2862F7E300132FCB /* Release */,
			);
			defaultConfigurationIsVisible = 0;
			defaultConfigurationName = Release;
		};
		1A0E3ABF2862F7E300132FCB /* Build configuration list for PBXNativeTarget "WallaMarvel" */ = {
			isa = XCConfigurationList;
			buildConfigurations = (
				1A0E3AC02862F7E300132FCB /* Debug */,
				1A0E3AC12862F7E300132FCB /* Release */,
			);
			defaultConfigurationIsVisible = 0;
			defaultConfigurationName = Release;
		};
		1A0E3AC22862F7E300132FCB /* Build configuration list for PBXNativeTarget "WallaMarvelTests" */ = {
			isa = XCConfigurationList;
			buildConfigurations = (
				1A0E3AC32862F7E300132FCB /* Debug */,
				1A0E3AC42862F7E300132FCB /* Release */,
			);
			defaultConfigurationIsVisible = 0;
			defaultConfigurationName = Release;
		};
		1A0E3AC52862F7E300132FCB /* Build configuration list for PBXNativeTarget "WallaMarvelUITests" */ = {
			isa = XCConfigurationList;
			buildConfigurations = (
				1A0E3AC62862F7E300132FCB /* Debug */,
				1A0E3AC72862F7E300132FCB /* Release */,
			);
			defaultConfigurationIsVisible = 0;
			defaultConfigurationName = Release;
		};
/* End XCConfigurationList section */

/* Begin XCRemoteSwiftPackageReference section */
		9EE9497F2E0003B30072558D /* XCRemoteSwiftPackageReference "Kingfisher" */ = {
			isa = XCRemoteSwiftPackageReference;
			repositoryURL = "https://github.com/onevcat/Kingfisher.git";
			requirement = {
				kind = upToNextMajorVersion;
				minimumVersion = 8.3.2;
			};
		};
/* End XCRemoteSwiftPackageReference section */

/* Begin XCSwiftPackageProductDependency section */
		9EE949812E0004390072558D /* Kingfisher */ = {
			isa = XCSwiftPackageProductDependency;
			package = 9EE9497F2E0003B30072558D /* XCRemoteSwiftPackageReference "Kingfisher" */;
			productName = Kingfisher;
		};
/* End XCSwiftPackageProductDependency section */

/* Begin XCVersionGroup section */
		9ECC74E42DF979B000236EEE /* WallaMarvel.xcdatamodeld */ = {
			isa = XCVersionGroup;
			children = (
				9ECC74E52DF979B000236EEE /* WallaMarvel.xcdatamodel */,
			);
			currentVersion = 9ECC74E52DF979B000236EEE /* WallaMarvel.xcdatamodel */;
			path = WallaMarvel.xcdatamodeld;
			sourceTree = "<group>";
			versionGroupType = wrapper.xcdatamodel;
		};
/* End XCVersionGroup section */
	};
	rootObject = 1A0E3A8D2862F7E200132FCB /* Project object */;
}
